
Microsoft Visual Studio Solution File, Format Version 12.00
# Visual Studio Version 16
VisualStudioVersion = 16.0.30320.27
MinimumVisualStudioVersion = 10.0.40219.1
Project("{2150E333-8FDC-42A3-9474-1A3956D46DE8}") = "Services", "Services", "{30025D1E-F260-4175-8EA0-3525955EADCB}"
EndProject
Project("{2150E333-8FDC-42A3-9474-1A3956D46DE8}") = "ApiGateways", "ApiGateways", "{035965EE-A572-40DA-8504-35A8FA777076}"
EndProject
Project("{2150E333-8FDC-42A3-9474-1A3956D46DE8}") = "University", "University", "{3B890DC5-4052-4769-A418-304209AD6D44}"
EndProject
Project("{9A19103F-16F7-4668-BE54-9A1E7A4F7556}") = "University.API", "University.API\University.API.csproj", "{1D453C17-57D0-43E1-BFDC-7A0CDB798CF8}"
EndProject
Project("{2150E333-8FDC-42A3-9474-1A3956D46DE8}") = "Task", "Task", "{FE481763-D053-4FBA-B8B1-FE1A363EC00C}"
EndProject
Project("{9A19103F-16F7-4668-BE54-9A1E7A4F7556}") = "Task.API", "Task.API\Task.API.csproj", "{C75615C8-AC9E-4C11-A3AE-3EE7B7898988}"
EndProject
Project("{2150E333-8FDC-42A3-9474-1A3956D46DE8}") = "Volunteer", "Volunteer", "{99D83E05-D7F7-441E-B642-87796CA5F394}"
EndProject
Project("{9A19103F-16F7-4668-BE54-9A1E7A4F7556}") = "Volunteer.API", "Volunteer.API\Volunteer.API.csproj", "{6EC52C35-2446-4DC7-BB96-94BCBB2D65C1}"
EndProject
Project("{2150E333-8FDC-42A3-9474-1A3956D46DE8}") = "Skill", "Skill", "{AB75277E-A11A-4C4C-A0EA-D43AC7E9F04B}"
EndProject
Project("{9A19103F-16F7-4668-BE54-9A1E7A4F7556}") = "Skill.API", "Skill.API\Skill.API.csproj", "{BD9AF22F-D829-4CF3-AC25-0CF430BB7F56}"
EndProject
Project("{2150E333-8FDC-42A3-9474-1A3956D46DE8}") = "Applications", "Applications", "{7A1ACF33-38AC-4206-AB4A-2F84905A450A}"
EndProject
Project("{2150E333-8FDC-42A3-9474-1A3956D46DE8}") = "Authentication", "Authentication", "{6474C425-DB20-4E1E-B69C-B900EBD4E141}"
EndProject
Project("{9A19103F-16F7-4668-BE54-9A1E7A4F7556}") = "Authentication.API", "Authentication.API\Authentication.API.csproj", "{D46D45B8-2AF3-4E4A-9489-177529825F98}"
EndProject
Project("{2150E333-8FDC-42A3-9474-1A3956D46DE8}") = "Middlewares", "Middlewares", "{534E1F40-53CF-4E96-BE3D-BF85AF82FD0F}"
EndProject
Project("{9A19103F-16F7-4668-BE54-9A1E7A4F7556}") = "Middleware", "Middleware\Middleware.csproj", "{478164B0-A0AB-4436-A4A1-588DB58E14D5}"
EndProject
Project("{9A19103F-16F7-4668-BE54-9A1E7A4F7556}") = "EventBusRabbitMQ", "EventBusRabbitMQ\EventBusRabbitMQ.csproj", "{881D01F6-624C-4B39-8A48-A043D15E83DD}"
EndProject
Project("{9A19103F-16F7-4668-BE54-9A1E7A4F7556}") = "WebAppGateway", "WebAppGateway\WebAppGateway.csproj", "{DFE554F8-6228-4082-B902-64744BBEAB5F}"
EndProject
Project("{FAE04EC0-301F-11D3-BF4B-00C04F79EFBC}") = "WebApplication", "WebApplication\WebApplication.csproj", "{B6AA1D71-2A69-46FE-BB68-F160480F84BB}"
EndProject
Global
	GlobalSection(SolutionConfigurationPlatforms) = preSolution
		Debug|Any CPU = Debug|Any CPU
		Release|Any CPU = Release|Any CPU
	EndGlobalSection
	GlobalSection(ProjectConfigurationPlatforms) = postSolution
		{1D453C17-57D0-43E1-BFDC-7A0CDB798CF8}.Debug|Any CPU.ActiveCfg = Debug|Any CPU
		{1D453C17-57D0-43E1-BFDC-7A0CDB798CF8}.Debug|Any CPU.Build.0 = Debug|Any CPU
		{1D453C17-57D0-43E1-BFDC-7A0CDB798CF8}.Release|Any CPU.ActiveCfg = Release|Any CPU
		{1D453C17-57D0-43E1-BFDC-7A0CDB798CF8}.Release|Any CPU.Build.0 = Release|Any CPU
		{C75615C8-AC9E-4C11-A3AE-3EE7B7898988}.Debug|Any CPU.ActiveCfg = Debug|Any CPU
		{C75615C8-AC9E-4C11-A3AE-3EE7B7898988}.Debug|Any CPU.Build.0 = Debug|Any CPU
		{C75615C8-AC9E-4C11-A3AE-3EE7B7898988}.Release|Any CPU.ActiveCfg = Release|Any CPU
		{C75615C8-AC9E-4C11-A3AE-3EE7B7898988}.Release|Any CPU.Build.0 = Release|Any CPU
		{6EC52C35-2446-4DC7-BB96-94BCBB2D65C1}.Debug|Any CPU.ActiveCfg = Debug|Any CPU
		{6EC52C35-2446-4DC7-BB96-94BCBB2D65C1}.Debug|Any CPU.Build.0 = Debug|Any CPU
		{6EC52C35-2446-4DC7-BB96-94BCBB2D65C1}.Release|Any CPU.ActiveCfg = Release|Any CPU
		{6EC52C35-2446-4DC7-BB96-94BCBB2D65C1}.Release|Any CPU.Build.0 = Release|Any CPU
		{BD9AF22F-D829-4CF3-AC25-0CF430BB7F56}.Debug|Any CPU.ActiveCfg = Debug|Any CPU
		{BD9AF22F-D829-4CF3-AC25-0CF430BB7F56}.Debug|Any CPU.Build.0 = Debug|Any CPU
		{BD9AF22F-D829-4CF3-AC25-0CF430BB7F56}.Release|Any CPU.ActiveCfg = Release|Any CPU
		{BD9AF22F-D829-4CF3-AC25-0CF430BB7F56}.Release|Any CPU.Build.0 = Release|Any CPU
		{D46D45B8-2AF3-4E4A-9489-177529825F98}.Debug|Any CPU.ActiveCfg = Debug|Any CPU
		{D46D45B8-2AF3-4E4A-9489-177529825F98}.Debug|Any CPU.Build.0 = Debug|Any CPU
		{D46D45B8-2AF3-4E4A-9489-177529825F98}.Release|Any CPU.ActiveCfg = Release|Any CPU
		{D46D45B8-2AF3-4E4A-9489-177529825F98}.Release|Any CPU.Build.0 = Release|Any CPU
		{478164B0-A0AB-4436-A4A1-588DB58E14D5}.Debug|Any CPU.ActiveCfg = Debug|Any CPU
		{478164B0-A0AB-4436-A4A1-588DB58E14D5}.Debug|Any CPU.Build.0 = Debug|Any CPU
		{478164B0-A0AB-4436-A4A1-588DB58E14D5}.Release|Any CPU.ActiveCfg = Release|Any CPU
		{478164B0-A0AB-4436-A4A1-588DB58E14D5}.Release|Any CPU.Build.0 = Release|Any CPU
		{881D01F6-624C-4B39-8A48-A043D15E83DD}.Debug|Any CPU.ActiveCfg = Debug|Any CPU
		{881D01F6-624C-4B39-8A48-A043D15E83DD}.Debug|Any CPU.Build.0 = Debug|Any CPU
		{881D01F6-624C-4B39-8A48-A043D15E83DD}.Release|Any CPU.ActiveCfg = Release|Any CPU
		{881D01F6-624C-4B39-8A48-A043D15E83DD}.Release|Any CPU.Build.0 = Release|Any CPU
		{DFE554F8-6228-4082-B902-64744BBEAB5F}.Debug|Any CPU.ActiveCfg = Debug|Any CPU
		{DFE554F8-6228-4082-B902-64744BBEAB5F}.Debug|Any CPU.Build.0 = Debug|Any CPU
		{DFE554F8-6228-4082-B902-64744BBEAB5F}.Release|Any CPU.ActiveCfg = Release|Any CPU
		{DFE554F8-6228-4082-B902-64744BBEAB5F}.Release|Any CPU.Build.0 = Release|Any CPU
		{B6AA1D71-2A69-46FE-BB68-F160480F84BB}.Debug|Any CPU.ActiveCfg = Debug|Any CPU
		{B6AA1D71-2A69-46FE-BB68-F160480F84BB}.Debug|Any CPU.Build.0 = Debug|Any CPU
		{B6AA1D71-2A69-46FE-BB68-F160480F84BB}.Release|Any CPU.ActiveCfg = Release|Any CPU
		{B6AA1D71-2A69-46FE-BB68-F160480F84BB}.Release|Any CPU.Build.0 = Release|Any CPU
	EndGlobalSection
	GlobalSection(SolutionProperties) = preSolution
		HideSolutionNode = FALSE
	EndGlobalSection
	GlobalSection(NestedProjects) = preSolution
		{3B890DC5-4052-4769-A418-304209AD6D44} = {30025D1E-F260-4175-8EA0-3525955EADCB}
		{1D453C17-57D0-43E1-BFDC-7A0CDB798CF8} = {3B890DC5-4052-4769-A418-304209AD6D44}
		{FE481763-D053-4FBA-B8B1-FE1A363EC00C} = {30025D1E-F260-4175-8EA0-3525955EADCB}
		{C75615C8-AC9E-4C11-A3AE-3EE7B7898988} = {FE481763-D053-4FBA-B8B1-FE1A363EC00C}
		{99D83E05-D7F7-441E-B642-87796CA5F394} = {30025D1E-F260-4175-8EA0-3525955EADCB}
		{6EC52C35-2446-4DC7-BB96-94BCBB2D65C1} = {99D83E05-D7F7-441E-B642-87796CA5F394}
		{AB75277E-A11A-4C4C-A0EA-D43AC7E9F04B} = {30025D1E-F260-4175-8EA0-3525955EADCB}
		{BD9AF22F-D829-4CF3-AC25-0CF430BB7F56} = {AB75277E-A11A-4C4C-A0EA-D43AC7E9F04B}
		{6474C425-DB20-4E1E-B69C-B900EBD4E141} = {30025D1E-F260-4175-8EA0-3525955EADCB}
		{D46D45B8-2AF3-4E4A-9489-177529825F98} = {6474C425-DB20-4E1E-B69C-B900EBD4E141}
		{478164B0-A0AB-4436-A4A1-588DB58E14D5} = {534E1F40-53CF-4E96-BE3D-BF85AF82FD0F}
		{881D01F6-624C-4B39-8A48-A043D15E83DD} = {534E1F40-53CF-4E96-BE3D-BF85AF82FD0F}
		{DFE554F8-6228-4082-B902-64744BBEAB5F} = {035965EE-A572-40DA-8504-35A8FA777076}
		{B6AA1D71-2A69-46FE-BB68-F160480F84BB} = {7A1ACF33-38AC-4206-AB4A-2F84905A450A}
	EndGlobalSection
	GlobalSection(ExtensibilityGlobals) = postSolution
		SolutionGuid = {24466F8E-2D49-426B-BCFC-BB952A2565C5}
	EndGlobalSection
EndGlobal
