
Microsoft Visual Studio Solution File, Format Version 12.00
# Visual Studio Version 16
VisualStudioVersion = 16.0.30320.27
MinimumVisualStudioVersion = 10.0.40219.1
Project("{2150E333-8FDC-42A3-9474-1A3956D46DE8}") = "Services", "Services", "{30025D1E-F260-4175-8EA0-3525955EADCB}"
EndProject
Project("{2150E333-8FDC-42A3-9474-1A3956D46DE8}") = "ApiGateways", "ApiGateways", "{035965EE-A572-40DA-8504-35A8FA777076}"
EndProject
Project("{2150E333-8FDC-42A3-9474-1A3956D46DE8}") = "University", "University", "{3B890DC5-4052-4769-A418-304209AD6D44}"
EndProject
Project("{9A19103F-16F7-4668-BE54-9A1E7A4F7556}") = "University.API", "University.API\University.API.csproj", "{1D453C17-57D0-43E1-BFDC-7A0CDB798CF8}"
EndProject
Project("{2150E333-8FDC-42A3-9474-1A3956D46DE8}") = "Task", "Task", "{FE481763-D053-4FBA-B8B1-FE1A363EC00C}"
EndProject
Project("{9A19103F-16F7-4668-BE54-9A1E7A4F7556}") = "Task.API", "Task.API\Task.API.csproj", "{C75615C8-AC9E-4C11-A3AE-3EE7B7898988}"
EndProject
Project("{2150E333-8FDC-42A3-9474-1A3956D46DE8}") = "Volunteer", "Volunteer", "{99D83E05-D7F7-441E-B642-87796CA5F394}"
EndProject
Project("{9A19103F-16F7-4668-BE54-9A1E7A4F7556}") = "Volunteer.API", "Volunteer.API\Volunteer.API.csproj", "{6EC52C35-2446-4DC7-BB96-94BCBB2D65C1}"
EndProject
Project("{2150E333-8FDC-42A3-9474-1A3956D46DE8}") = "Applications", "Applications", "{7A1ACF33-38AC-4206-AB4A-2F84905A450A}"
EndProject
Project("{2150E333-8FDC-42A3-9474-1A3956D46DE8}") = "Authentication", "Authentication", "{6474C425-DB20-4E1E-B69C-B900EBD4E141}"
EndProject
Project("{9A19103F-16F7-4668-BE54-9A1E7A4F7556}") = "Authentication.API", "Authentication.API\Authentication.API.csproj", "{D46D45B8-2AF3-4E4A-9489-177529825F98}"
EndProject
Project("{2150E333-8FDC-42A3-9474-1A3956D46DE8}") = "Middlewares", "Middlewares", "{534E1F40-53CF-4E96-BE3D-BF85AF82FD0F}"
EndProject
Project("{9A19103F-16F7-4668-BE54-9A1E7A4F7556}") = "Middleware", "Middleware\Middleware.csproj", "{478164B0-A0AB-4436-A4A1-588DB58E14D5}"
EndProject
Project("{9A19103F-16F7-4668-BE54-9A1E7A4F7556}") = "UniversityWebApplication", "UniversityWebApplication\UniversityWebApplication.csproj", "{B1A7EBD2-77ED-48C4-8FA4-8B8FE07ACA2B}"
EndProject
Project("{9A19103F-16F7-4668-BE54-9A1E7A4F7556}") = "Model", "Model\Model.csproj", "{0801BC16-4825-43B4-A375-9F3C803E3919}"
EndProject
Project("{2150E333-8FDC-42A3-9474-1A3956D46DE8}") = "Report", "Report", "{7314F753-34CC-4C95-B970-D69082D2320C}"
EndProject
Project("{9A19103F-16F7-4668-BE54-9A1E7A4F7556}") = "Report.API", "Report.API\Report.API.csproj", "{B8F76C64-F495-4ABB-B79E-98CEA3ECA2AD}"
EndProject
Project("{9A19103F-16F7-4668-BE54-9A1E7A4F7556}") = "VolunteerWebApplication", "VolunteerWebApplication\VolunteerWebApplication.csproj", "{76B7E362-DC66-4FB0-BAF1-2E68EE170B9B}"
EndProject
Project("{9A19103F-16F7-4668-BE54-9A1E7A4F7556}") = "MainGateway", "MainGateway\MainGateway.csproj", "{23B8854C-839C-4FB0-910C-5B72985D5099}"
EndProject
Project("{9A19103F-16F7-4668-BE54-9A1E7A4F7556}") = "ApiCollection", "ApiCollection\ApiCollection.csproj", "{D62C496F-AFD3-4C90-8002-DE5E408E8BCE}"
EndProject
Project("{2150E333-8FDC-42A3-9474-1A3956D46DE8}") = "Tests", "Tests", "{1CE228C5-D660-408B-9C0E-72E305FF69FB}"
EndProject
Project("{2150E333-8FDC-42A3-9474-1A3956D46DE8}") = "Tests", "Tests", "{D7DB3153-A9F7-425A-B787-35F22BCDD7D2}"
EndProject
Project("{2150E333-8FDC-42A3-9474-1A3956D46DE8}") = "Tests", "Tests", "{18758D45-A80D-4B98-BE1F-C9F896AC0BC4}"
EndProject
Project("{2150E333-8FDC-42A3-9474-1A3956D46DE8}") = "Tests", "Tests", "{33858759-FC2D-4509-9745-1EEAE443718A}"
EndProject
Project("{2150E333-8FDC-42A3-9474-1A3956D46DE8}") = "Tests", "Tests", "{315CE873-9258-4A78-90A1-39B277D5341D}"
EndProject
Project("{FAE04EC0-301F-11D3-BF4B-00C04F79EFBC}") = "Report.API.UnitTests", "Report.API.UnitTests\Report.API.UnitTests.csproj", "{B2E0BC3B-9F53-4603-AF34-C5D09F10EFB3}"
EndProject
Global
	GlobalSection(SolutionConfigurationPlatforms) = preSolution
		Debug|Any CPU = Debug|Any CPU
		Debug|iPhone = Debug|iPhone
		Debug|iPhoneSimulator = Debug|iPhoneSimulator
		Release|Any CPU = Release|Any CPU
		Release|iPhone = Release|iPhone
		Release|iPhoneSimulator = Release|iPhoneSimulator
	EndGlobalSection
	GlobalSection(ProjectConfigurationPlatforms) = postSolution
		{1D453C17-57D0-43E1-BFDC-7A0CDB798CF8}.Debug|Any CPU.ActiveCfg = Debug|Any CPU
		{1D453C17-57D0-43E1-BFDC-7A0CDB798CF8}.Debug|Any CPU.Build.0 = Debug|Any CPU
		{1D453C17-57D0-43E1-BFDC-7A0CDB798CF8}.Debug|iPhone.ActiveCfg = Debug|Any CPU
		{1D453C17-57D0-43E1-BFDC-7A0CDB798CF8}.Debug|iPhone.Build.0 = Debug|Any CPU
		{1D453C17-57D0-43E1-BFDC-7A0CDB798CF8}.Debug|iPhoneSimulator.ActiveCfg = Debug|Any CPU
		{1D453C17-57D0-43E1-BFDC-7A0CDB798CF8}.Debug|iPhoneSimulator.Build.0 = Debug|Any CPU
		{1D453C17-57D0-43E1-BFDC-7A0CDB798CF8}.Release|Any CPU.ActiveCfg = Release|Any CPU
		{1D453C17-57D0-43E1-BFDC-7A0CDB798CF8}.Release|Any CPU.Build.0 = Release|Any CPU
		{1D453C17-57D0-43E1-BFDC-7A0CDB798CF8}.Release|iPhone.ActiveCfg = Release|Any CPU
		{1D453C17-57D0-43E1-BFDC-7A0CDB798CF8}.Release|iPhone.Build.0 = Release|Any CPU
		{1D453C17-57D0-43E1-BFDC-7A0CDB798CF8}.Release|iPhoneSimulator.ActiveCfg = Release|Any CPU
		{1D453C17-57D0-43E1-BFDC-7A0CDB798CF8}.Release|iPhoneSimulator.Build.0 = Release|Any CPU
		{C75615C8-AC9E-4C11-A3AE-3EE7B7898988}.Debug|Any CPU.ActiveCfg = Debug|Any CPU
		{C75615C8-AC9E-4C11-A3AE-3EE7B7898988}.Debug|Any CPU.Build.0 = Debug|Any CPU
		{C75615C8-AC9E-4C11-A3AE-3EE7B7898988}.Debug|iPhone.ActiveCfg = Debug|Any CPU
		{C75615C8-AC9E-4C11-A3AE-3EE7B7898988}.Debug|iPhone.Build.0 = Debug|Any CPU
		{C75615C8-AC9E-4C11-A3AE-3EE7B7898988}.Debug|iPhoneSimulator.ActiveCfg = Debug|Any CPU
		{C75615C8-AC9E-4C11-A3AE-3EE7B7898988}.Debug|iPhoneSimulator.Build.0 = Debug|Any CPU
		{C75615C8-AC9E-4C11-A3AE-3EE7B7898988}.Release|Any CPU.ActiveCfg = Release|Any CPU
		{C75615C8-AC9E-4C11-A3AE-3EE7B7898988}.Release|Any CPU.Build.0 = Release|Any CPU
		{C75615C8-AC9E-4C11-A3AE-3EE7B7898988}.Release|iPhone.ActiveCfg = Release|Any CPU
		{C75615C8-AC9E-4C11-A3AE-3EE7B7898988}.Release|iPhone.Build.0 = Release|Any CPU
		{C75615C8-AC9E-4C11-A3AE-3EE7B7898988}.Release|iPhoneSimulator.ActiveCfg = Release|Any CPU
		{C75615C8-AC9E-4C11-A3AE-3EE7B7898988}.Release|iPhoneSimulator.Build.0 = Release|Any CPU
		{6EC52C35-2446-4DC7-BB96-94BCBB2D65C1}.Debug|Any CPU.ActiveCfg = Debug|Any CPU
		{6EC52C35-2446-4DC7-BB96-94BCBB2D65C1}.Debug|Any CPU.Build.0 = Debug|Any CPU
		{6EC52C35-2446-4DC7-BB96-94BCBB2D65C1}.Debug|iPhone.ActiveCfg = Debug|Any CPU
		{6EC52C35-2446-4DC7-BB96-94BCBB2D65C1}.Debug|iPhone.Build.0 = Debug|Any CPU
		{6EC52C35-2446-4DC7-BB96-94BCBB2D65C1}.Debug|iPhoneSimulator.ActiveCfg = Debug|Any CPU
		{6EC52C35-2446-4DC7-BB96-94BCBB2D65C1}.Debug|iPhoneSimulator.Build.0 = Debug|Any CPU
		{6EC52C35-2446-4DC7-BB96-94BCBB2D65C1}.Release|Any CPU.ActiveCfg = Release|Any CPU
		{6EC52C35-2446-4DC7-BB96-94BCBB2D65C1}.Release|Any CPU.Build.0 = Release|Any CPU
		{6EC52C35-2446-4DC7-BB96-94BCBB2D65C1}.Release|iPhone.ActiveCfg = Release|Any CPU
		{6EC52C35-2446-4DC7-BB96-94BCBB2D65C1}.Release|iPhone.Build.0 = Release|Any CPU
		{6EC52C35-2446-4DC7-BB96-94BCBB2D65C1}.Release|iPhoneSimulator.ActiveCfg = Release|Any CPU
		{6EC52C35-2446-4DC7-BB96-94BCBB2D65C1}.Release|iPhoneSimulator.Build.0 = Release|Any CPU
		{D46D45B8-2AF3-4E4A-9489-177529825F98}.Debug|Any CPU.ActiveCfg = Debug|Any CPU
		{D46D45B8-2AF3-4E4A-9489-177529825F98}.Debug|Any CPU.Build.0 = Debug|Any CPU
		{D46D45B8-2AF3-4E4A-9489-177529825F98}.Debug|iPhone.ActiveCfg = Debug|Any CPU
		{D46D45B8-2AF3-4E4A-9489-177529825F98}.Debug|iPhone.Build.0 = Debug|Any CPU
		{D46D45B8-2AF3-4E4A-9489-177529825F98}.Debug|iPhoneSimulator.ActiveCfg = Debug|Any CPU
		{D46D45B8-2AF3-4E4A-9489-177529825F98}.Debug|iPhoneSimulator.Build.0 = Debug|Any CPU
		{D46D45B8-2AF3-4E4A-9489-177529825F98}.Release|Any CPU.ActiveCfg = Release|Any CPU
		{D46D45B8-2AF3-4E4A-9489-177529825F98}.Release|Any CPU.Build.0 = Release|Any CPU
		{D46D45B8-2AF3-4E4A-9489-177529825F98}.Release|iPhone.ActiveCfg = Release|Any CPU
		{D46D45B8-2AF3-4E4A-9489-177529825F98}.Release|iPhone.Build.0 = Release|Any CPU
		{D46D45B8-2AF3-4E4A-9489-177529825F98}.Release|iPhoneSimulator.ActiveCfg = Release|Any CPU
		{D46D45B8-2AF3-4E4A-9489-177529825F98}.Release|iPhoneSimulator.Build.0 = Release|Any CPU
		{478164B0-A0AB-4436-A4A1-588DB58E14D5}.Debug|Any CPU.ActiveCfg = Debug|Any CPU
		{478164B0-A0AB-4436-A4A1-588DB58E14D5}.Debug|Any CPU.Build.0 = Debug|Any CPU
		{478164B0-A0AB-4436-A4A1-588DB58E14D5}.Debug|iPhone.ActiveCfg = Debug|Any CPU
		{478164B0-A0AB-4436-A4A1-588DB58E14D5}.Debug|iPhone.Build.0 = Debug|Any CPU
		{478164B0-A0AB-4436-A4A1-588DB58E14D5}.Debug|iPhoneSimulator.ActiveCfg = Debug|Any CPU
		{478164B0-A0AB-4436-A4A1-588DB58E14D5}.Debug|iPhoneSimulator.Build.0 = Debug|Any CPU
		{478164B0-A0AB-4436-A4A1-588DB58E14D5}.Release|Any CPU.ActiveCfg = Release|Any CPU
		{478164B0-A0AB-4436-A4A1-588DB58E14D5}.Release|Any CPU.Build.0 = Release|Any CPU
		{478164B0-A0AB-4436-A4A1-588DB58E14D5}.Release|iPhone.ActiveCfg = Release|Any CPU
		{478164B0-A0AB-4436-A4A1-588DB58E14D5}.Release|iPhone.Build.0 = Release|Any CPU
		{478164B0-A0AB-4436-A4A1-588DB58E14D5}.Release|iPhoneSimulator.ActiveCfg = Release|Any CPU
		{478164B0-A0AB-4436-A4A1-588DB58E14D5}.Release|iPhoneSimulator.Build.0 = Release|Any CPU
		{B1A7EBD2-77ED-48C4-8FA4-8B8FE07ACA2B}.Debug|Any CPU.ActiveCfg = Debug|Any CPU
		{B1A7EBD2-77ED-48C4-8FA4-8B8FE07ACA2B}.Debug|Any CPU.Build.0 = Debug|Any CPU
		{B1A7EBD2-77ED-48C4-8FA4-8B8FE07ACA2B}.Debug|iPhone.ActiveCfg = Debug|Any CPU
		{B1A7EBD2-77ED-48C4-8FA4-8B8FE07ACA2B}.Debug|iPhone.Build.0 = Debug|Any CPU
		{B1A7EBD2-77ED-48C4-8FA4-8B8FE07ACA2B}.Debug|iPhoneSimulator.ActiveCfg = Debug|Any CPU
		{B1A7EBD2-77ED-48C4-8FA4-8B8FE07ACA2B}.Debug|iPhoneSimulator.Build.0 = Debug|Any CPU
		{B1A7EBD2-77ED-48C4-8FA4-8B8FE07ACA2B}.Release|Any CPU.ActiveCfg = Release|Any CPU
		{B1A7EBD2-77ED-48C4-8FA4-8B8FE07ACA2B}.Release|Any CPU.Build.0 = Release|Any CPU
		{B1A7EBD2-77ED-48C4-8FA4-8B8FE07ACA2B}.Release|iPhone.ActiveCfg = Release|Any CPU
		{B1A7EBD2-77ED-48C4-8FA4-8B8FE07ACA2B}.Release|iPhone.Build.0 = Release|Any CPU
		{B1A7EBD2-77ED-48C4-8FA4-8B8FE07ACA2B}.Release|iPhoneSimulator.ActiveCfg = Release|Any CPU
		{B1A7EBD2-77ED-48C4-8FA4-8B8FE07ACA2B}.Release|iPhoneSimulator.Build.0 = Release|Any CPU
		{0801BC16-4825-43B4-A375-9F3C803E3919}.Debug|Any CPU.ActiveCfg = Debug|Any CPU
		{0801BC16-4825-43B4-A375-9F3C803E3919}.Debug|Any CPU.Build.0 = Debug|Any CPU
		{0801BC16-4825-43B4-A375-9F3C803E3919}.Debug|iPhone.ActiveCfg = Debug|Any CPU
		{0801BC16-4825-43B4-A375-9F3C803E3919}.Debug|iPhone.Build.0 = Debug|Any CPU
		{0801BC16-4825-43B4-A375-9F3C803E3919}.Debug|iPhoneSimulator.ActiveCfg = Debug|Any CPU
		{0801BC16-4825-43B4-A375-9F3C803E3919}.Debug|iPhoneSimulator.Build.0 = Debug|Any CPU
		{0801BC16-4825-43B4-A375-9F3C803E3919}.Release|Any CPU.ActiveCfg = Release|Any CPU
		{0801BC16-4825-43B4-A375-9F3C803E3919}.Release|Any CPU.Build.0 = Release|Any CPU
		{0801BC16-4825-43B4-A375-9F3C803E3919}.Release|iPhone.ActiveCfg = Release|Any CPU
		{0801BC16-4825-43B4-A375-9F3C803E3919}.Release|iPhone.Build.0 = Release|Any CPU
		{0801BC16-4825-43B4-A375-9F3C803E3919}.Release|iPhoneSimulator.ActiveCfg = Release|Any CPU
		{0801BC16-4825-43B4-A375-9F3C803E3919}.Release|iPhoneSimulator.Build.0 = Release|Any CPU
		{B8F76C64-F495-4ABB-B79E-98CEA3ECA2AD}.Debug|Any CPU.ActiveCfg = Debug|Any CPU
		{B8F76C64-F495-4ABB-B79E-98CEA3ECA2AD}.Debug|Any CPU.Build.0 = Debug|Any CPU
		{B8F76C64-F495-4ABB-B79E-98CEA3ECA2AD}.Debug|iPhone.ActiveCfg = Debug|Any CPU
		{B8F76C64-F495-4ABB-B79E-98CEA3ECA2AD}.Debug|iPhone.Build.0 = Debug|Any CPU
		{B8F76C64-F495-4ABB-B79E-98CEA3ECA2AD}.Debug|iPhoneSimulator.ActiveCfg = Debug|Any CPU
		{B8F76C64-F495-4ABB-B79E-98CEA3ECA2AD}.Debug|iPhoneSimulator.Build.0 = Debug|Any CPU
		{B8F76C64-F495-4ABB-B79E-98CEA3ECA2AD}.Release|Any CPU.ActiveCfg = Release|Any CPU
		{B8F76C64-F495-4ABB-B79E-98CEA3ECA2AD}.Release|Any CPU.Build.0 = Release|Any CPU
		{B8F76C64-F495-4ABB-B79E-98CEA3ECA2AD}.Release|iPhone.ActiveCfg = Release|Any CPU
		{B8F76C64-F495-4ABB-B79E-98CEA3ECA2AD}.Release|iPhone.Build.0 = Release|Any CPU
		{B8F76C64-F495-4ABB-B79E-98CEA3ECA2AD}.Release|iPhoneSimulator.ActiveCfg = Release|Any CPU
		{B8F76C64-F495-4ABB-B79E-98CEA3ECA2AD}.Release|iPhoneSimulator.Build.0 = Release|Any CPU
		{76B7E362-DC66-4FB0-BAF1-2E68EE170B9B}.Debug|Any CPU.ActiveCfg = Debug|Any CPU
		{76B7E362-DC66-4FB0-BAF1-2E68EE170B9B}.Debug|Any CPU.Build.0 = Debug|Any CPU
		{76B7E362-DC66-4FB0-BAF1-2E68EE170B9B}.Debug|iPhone.ActiveCfg = Debug|Any CPU
		{76B7E362-DC66-4FB0-BAF1-2E68EE170B9B}.Debug|iPhone.Build.0 = Debug|Any CPU
		{76B7E362-DC66-4FB0-BAF1-2E68EE170B9B}.Debug|iPhoneSimulator.ActiveCfg = Debug|Any CPU
		{76B7E362-DC66-4FB0-BAF1-2E68EE170B9B}.Debug|iPhoneSimulator.Build.0 = Debug|Any CPU
		{76B7E362-DC66-4FB0-BAF1-2E68EE170B9B}.Release|Any CPU.ActiveCfg = Release|Any CPU
		{76B7E362-DC66-4FB0-BAF1-2E68EE170B9B}.Release|Any CPU.Build.0 = Release|Any CPU
		{76B7E362-DC66-4FB0-BAF1-2E68EE170B9B}.Release|iPhone.ActiveCfg = Release|Any CPU
		{76B7E362-DC66-4FB0-BAF1-2E68EE170B9B}.Release|iPhone.Build.0 = Release|Any CPU
		{76B7E362-DC66-4FB0-BAF1-2E68EE170B9B}.Release|iPhoneSimulator.ActiveCfg = Release|Any CPU
		{76B7E362-DC66-4FB0-BAF1-2E68EE170B9B}.Release|iPhoneSimulator.Build.0 = Release|Any CPU
		{23B8854C-839C-4FB0-910C-5B72985D5099}.Debug|Any CPU.ActiveCfg = Debug|Any CPU
		{23B8854C-839C-4FB0-910C-5B72985D5099}.Debug|Any CPU.Build.0 = Debug|Any CPU
		{23B8854C-839C-4FB0-910C-5B72985D5099}.Debug|iPhone.ActiveCfg = Debug|Any CPU
		{23B8854C-839C-4FB0-910C-5B72985D5099}.Debug|iPhone.Build.0 = Debug|Any CPU
		{23B8854C-839C-4FB0-910C-5B72985D5099}.Debug|iPhoneSimulator.ActiveCfg = Debug|Any CPU
		{23B8854C-839C-4FB0-910C-5B72985D5099}.Debug|iPhoneSimulator.Build.0 = Debug|Any CPU
		{23B8854C-839C-4FB0-910C-5B72985D5099}.Release|Any CPU.ActiveCfg = Release|Any CPU
		{23B8854C-839C-4FB0-910C-5B72985D5099}.Release|Any CPU.Build.0 = Release|Any CPU
		{23B8854C-839C-4FB0-910C-5B72985D5099}.Release|iPhone.ActiveCfg = Release|Any CPU
		{23B8854C-839C-4FB0-910C-5B72985D5099}.Release|iPhone.Build.0 = Release|Any CPU
		{23B8854C-839C-4FB0-910C-5B72985D5099}.Release|iPhoneSimulator.ActiveCfg = Release|Any CPU
		{23B8854C-839C-4FB0-910C-5B72985D5099}.Release|iPhoneSimulator.Build.0 = Release|Any CPU
		{D62C496F-AFD3-4C90-8002-DE5E408E8BCE}.Debug|Any CPU.ActiveCfg = Debug|Any CPU
		{D62C496F-AFD3-4C90-8002-DE5E408E8BCE}.Debug|Any CPU.Build.0 = Debug|Any CPU
		{D62C496F-AFD3-4C90-8002-DE5E408E8BCE}.Debug|iPhone.ActiveCfg = Debug|Any CPU
		{D62C496F-AFD3-4C90-8002-DE5E408E8BCE}.Debug|iPhone.Build.0 = Debug|Any CPU
		{D62C496F-AFD3-4C90-8002-DE5E408E8BCE}.Debug|iPhoneSimulator.ActiveCfg = Debug|Any CPU
		{D62C496F-AFD3-4C90-8002-DE5E408E8BCE}.Debug|iPhoneSimulator.Build.0 = Debug|Any CPU
		{D62C496F-AFD3-4C90-8002-DE5E408E8BCE}.Release|Any CPU.ActiveCfg = Release|Any CPU
		{D62C496F-AFD3-4C90-8002-DE5E408E8BCE}.Release|Any CPU.Build.0 = Release|Any CPU
		{D62C496F-AFD3-4C90-8002-DE5E408E8BCE}.Release|iPhone.ActiveCfg = Release|Any CPU
		{D62C496F-AFD3-4C90-8002-DE5E408E8BCE}.Release|iPhone.Build.0 = Release|Any CPU
		{D62C496F-AFD3-4C90-8002-DE5E408E8BCE}.Release|iPhoneSimulator.ActiveCfg = Release|Any CPU
		{D62C496F-AFD3-4C90-8002-DE5E408E8BCE}.Release|iPhoneSimulator.Build.0 = Release|Any CPU
		{B2E0BC3B-9F53-4603-AF34-C5D09F10EFB3}.Debug|Any CPU.ActiveCfg = Debug|Any CPU
		{B2E0BC3B-9F53-4603-AF34-C5D09F10EFB3}.Debug|Any CPU.Build.0 = Debug|Any CPU
		{B2E0BC3B-9F53-4603-AF34-C5D09F10EFB3}.Debug|iPhone.ActiveCfg = Debug|Any CPU
		{B2E0BC3B-9F53-4603-AF34-C5D09F10EFB3}.Debug|iPhone.Build.0 = Debug|Any CPU
		{B2E0BC3B-9F53-4603-AF34-C5D09F10EFB3}.Debug|iPhoneSimulator.ActiveCfg = Debug|Any CPU
		{B2E0BC3B-9F53-4603-AF34-C5D09F10EFB3}.Debug|iPhoneSimulator.Build.0 = Debug|Any CPU
		{B2E0BC3B-9F53-4603-AF34-C5D09F10EFB3}.Release|Any CPU.ActiveCfg = Release|Any CPU
		{B2E0BC3B-9F53-4603-AF34-C5D09F10EFB3}.Release|Any CPU.Build.0 = Release|Any CPU
		{B2E0BC3B-9F53-4603-AF34-C5D09F10EFB3}.Release|iPhone.ActiveCfg = Release|Any CPU
		{B2E0BC3B-9F53-4603-AF34-C5D09F10EFB3}.Release|iPhone.Build.0 = Release|Any CPU
		{B2E0BC3B-9F53-4603-AF34-C5D09F10EFB3}.Release|iPhoneSimulator.ActiveCfg = Release|Any CPU
		{B2E0BC3B-9F53-4603-AF34-C5D09F10EFB3}.Release|iPhoneSimulator.Build.0 = Release|Any CPU
	EndGlobalSection
	GlobalSection(SolutionProperties) = preSolution
		HideSolutionNode = FALSE
	EndGlobalSection
	GlobalSection(NestedProjects) = preSolution
		{3B890DC5-4052-4769-A418-304209AD6D44} = {30025D1E-F260-4175-8EA0-3525955EADCB}
		{1D453C17-57D0-43E1-BFDC-7A0CDB798CF8} = {3B890DC5-4052-4769-A418-304209AD6D44}
		{FE481763-D053-4FBA-B8B1-FE1A363EC00C} = {30025D1E-F260-4175-8EA0-3525955EADCB}
		{C75615C8-AC9E-4C11-A3AE-3EE7B7898988} = {FE481763-D053-4FBA-B8B1-FE1A363EC00C}
		{99D83E05-D7F7-441E-B642-87796CA5F394} = {30025D1E-F260-4175-8EA0-3525955EADCB}
		{6EC52C35-2446-4DC7-BB96-94BCBB2D65C1} = {99D83E05-D7F7-441E-B642-87796CA5F394}
		{6474C425-DB20-4E1E-B69C-B900EBD4E141} = {30025D1E-F260-4175-8EA0-3525955EADCB}
		{D46D45B8-2AF3-4E4A-9489-177529825F98} = {6474C425-DB20-4E1E-B69C-B900EBD4E141}
		{478164B0-A0AB-4436-A4A1-588DB58E14D5} = {534E1F40-53CF-4E96-BE3D-BF85AF82FD0F}
		{B1A7EBD2-77ED-48C4-8FA4-8B8FE07ACA2B} = {7A1ACF33-38AC-4206-AB4A-2F84905A450A}
		{0801BC16-4825-43B4-A375-9F3C803E3919} = {534E1F40-53CF-4E96-BE3D-BF85AF82FD0F}
		{7314F753-34CC-4C95-B970-D69082D2320C} = {30025D1E-F260-4175-8EA0-3525955EADCB}
		{B8F76C64-F495-4ABB-B79E-98CEA3ECA2AD} = {7314F753-34CC-4C95-B970-D69082D2320C}
		{76B7E362-DC66-4FB0-BAF1-2E68EE170B9B} = {7A1ACF33-38AC-4206-AB4A-2F84905A450A}
		{23B8854C-839C-4FB0-910C-5B72985D5099} = {035965EE-A572-40DA-8504-35A8FA777076}
		{D62C496F-AFD3-4C90-8002-DE5E408E8BCE} = {534E1F40-53CF-4E96-BE3D-BF85AF82FD0F}
		{1CE228C5-D660-408B-9C0E-72E305FF69FB} = {6474C425-DB20-4E1E-B69C-B900EBD4E141}
		{D7DB3153-A9F7-425A-B787-35F22BCDD7D2} = {7314F753-34CC-4C95-B970-D69082D2320C}
		{18758D45-A80D-4B98-BE1F-C9F896AC0BC4} = {FE481763-D053-4FBA-B8B1-FE1A363EC00C}
		{33858759-FC2D-4509-9745-1EEAE443718A} = {3B890DC5-4052-4769-A418-304209AD6D44}
		{315CE873-9258-4A78-90A1-39B277D5341D} = {99D83E05-D7F7-441E-B642-87796CA5F394}
		{B2E0BC3B-9F53-4603-AF34-C5D09F10EFB3} = {D7DB3153-A9F7-425A-B787-35F22BCDD7D2}
	EndGlobalSection
	GlobalSection(ExtensibilityGlobals) = postSolution
		SolutionGuid = {24466F8E-2D49-426B-BCFC-BB952A2565C5}
	EndGlobalSection
EndGlobal
